// !$*UTF8*$!
{
	archiveVersion = 1;
	classes = {
	};
	objectVersion = 50;
	objects = {

/* Begin PBXBuildFile section */
		2A8FD0AD24B3937A006903B1 /* AppDelegate.swift in Sources */ = {isa = PBXBuildFile; fileRef = 2A8FD0AC24B3937A006903B1 /* AppDelegate.swift */; };
		2A8FD0AF24B3937A006903B1 /* SceneDelegate.swift in Sources */ = {isa = PBXBuildFile; fileRef = 2A8FD0AE24B3937A006903B1 /* SceneDelegate.swift */; };
		2A8FD0B124B3937A006903B1 /* ViewController.swift in Sources */ = {isa = PBXBuildFile; fileRef = 2A8FD0B024B3937A006903B1 /* ViewController.swift */; };
		2A8FD0B424B3937A006903B1 /* Main.storyboard in Resources */ = {isa = PBXBuildFile; fileRef = 2A8FD0B224B3937A006903B1 /* Main.storyboard */; };
		2A8FD0B624B3937C006903B1 /* Assets.xcassets in Resources */ = {isa = PBXBuildFile; fileRef = 2A8FD0B524B3937C006903B1 /* Assets.xcassets */; };
		2A8FD0B924B3937C006903B1 /* LaunchScreen.storyboard in Resources */ = {isa = PBXBuildFile; fileRef = 2A8FD0B724B3937C006903B1 /* LaunchScreen.storyboard */; };
		2A8FD0C424B3937C006903B1 /* ParkPlayTests.swift in Sources */ = {isa = PBXBuildFile; fileRef = 2A8FD0C324B3937C006903B1 /* ParkPlayTests.swift */; };
		2A8FD0CF24B3937C006903B1 /* ParkPlayUITests.swift in Sources */ = {isa = PBXBuildFile; fileRef = 2A8FD0CE24B3937C006903B1 /* ParkPlayUITests.swift */; };
/* End PBXBuildFile section */

/* Begin PBXContainerItemProxy section */
		2A8FD0C024B3937C006903B1 /* PBXContainerItemProxy */ = {
			isa = PBXContainerItemProxy;
			containerPortal = 2A8FD0A124B3937A006903B1 /* Project object */;
			proxyType = 1;
			remoteGlobalIDString = 2A8FD0A824B3937A006903B1;
			remoteInfo = ParkPlay;
		};
		2A8FD0CB24B3937C006903B1 /* PBXContainerItemProxy */ = {
			isa = PBXContainerItemProxy;
			containerPortal = 2A8FD0A124B3937A006903B1 /* Project object */;
			proxyType = 1;
			remoteGlobalIDString = 2A8FD0A824B3937A006903B1;
			remoteInfo = ParkPlay;
		};
/* End PBXContainerItemProxy section */

/* Begin PBXFileReference section */
		2A8FD0A924B3937A006903B1 /* ParkPlay.app */ = {isa = PBXFileReference; explicitFileType = wrapper.application; includeInIndex = 0; path = ParkPlay.app; sourceTree = BUILT_PRODUCTS_DIR; };
		2A8FD0AC24B3937A006903B1 /* AppDelegate.swift */ = {isa = PBXFileReference; lastKnownFileType = sourcecode.swift; path = AppDelegate.swift; sourceTree = "<group>"; };
		2A8FD0AE24B3937A006903B1 /* SceneDelegate.swift */ = {isa = PBXFileReference; lastKnownFileType = sourcecode.swift; path = SceneDelegate.swift; sourceTree = "<group>"; };
		2A8FD0B024B3937A006903B1 /* ViewController.swift */ = {isa = PBXFileReference; lastKnownFileType = sourcecode.swift; path = ViewController.swift; sourceTree = "<group>"; };
		2A8FD0B324B3937A006903B1 /* Base */ = {isa = PBXFileReference; lastKnownFileType = file.storyboard; name = Base; path = Base.lproj/Main.storyboard; sourceTree = "<group>"; };
		2A8FD0B524B3937C006903B1 /* Assets.xcassets */ = {isa = PBXFileReference; lastKnownFileType = folder.assetcatalog; path = Assets.xcassets; sourceTree = "<group>"; };
		2A8FD0B824B3937C006903B1 /* Base */ = {isa = PBXFileReference; lastKnownFileType = file.storyboard; name = Base; path = Base.lproj/LaunchScreen.storyboard; sourceTree = "<group>"; };
		2A8FD0BA24B3937C006903B1 /* Info.plist */ = {isa = PBXFileReference; lastKnownFileType = text.plist.xml; path = Info.plist; sourceTree = "<group>"; };
		2A8FD0BF24B3937C006903B1 /* ParkPlayTests.xctest */ = {isa = PBXFileReference; explicitFileType = wrapper.cfbundle; includeInIndex = 0; path = ParkPlayTests.xctest; sourceTree = BUILT_PRODUCTS_DIR; };
		2A8FD0C324B3937C006903B1 /* ParkPlayTests.swift */ = {isa = PBXFileReference; lastKnownFileType = sourcecode.swift; path = ParkPlayTests.swift; sourceTree = "<group>"; };
		2A8FD0C524B3937C006903B1 /* Info.plist */ = {isa = PBXFileReference; lastKnownFileType = text.plist.xml; path = Info.plist; sourceTree = "<group>"; };
		2A8FD0CA24B3937C006903B1 /* ParkPlayUITests.xctest */ = {isa = PBXFileReference; explicitFileType = wrapper.cfbundle; includeInIndex = 0; path = ParkPlayUITests.xctest; sourceTree = BUILT_PRODUCTS_DIR; };
		2A8FD0CE24B3937C006903B1 /* ParkPlayUITests.swift */ = {isa = PBXFileReference; lastKnownFileType = sourcecode.swift; path = ParkPlayUITests.swift; sourceTree = "<group>"; };
		2A8FD0D024B3937C006903B1 /* Info.plist */ = {isa = PBXFileReference; lastKnownFileType = text.plist.xml; path = Info.plist; sourceTree = "<group>"; };
/* End PBXFileReference section */

/* Begin PBXFrameworksBuildPhase section */
		2A8FD0A624B3937A006903B1 /* Frameworks */ = {
			isa = PBXFrameworksBuildPhase;
			buildActionMask = 2147483647;
			files = (
			);
			runOnlyForDeploymentPostprocessing = 0;
		};
		2A8FD0BC24B3937C006903B1 /* Frameworks */ = {
			isa = PBXFrameworksBuildPhase;
			buildActionMask = 2147483647;
			files = (
			);
			runOnlyForDeploymentPostprocessing = 0;
		};
		2A8FD0C724B3937C006903B1 /* Frameworks */ = {
			isa = PBXFrameworksBuildPhase;
			buildActionMask = 2147483647;
			files = (
			);
			runOnlyForDeploymentPostprocessing = 0;
		};
/* End PBXFrameworksBuildPhase section */

/* Begin PBXGroup section */
		2A8FD0A024B3937A006903B1 = {
			isa = PBXGroup;
			children = (
				2A8FD0AB24B3937A006903B1 /* ParkPlay */,
				2A8FD0C224B3937C006903B1 /* ParkPlayTests */,
				2A8FD0CD24B3937C006903B1 /* ParkPlayUITests */,
				2A8FD0AA24B3937A006903B1 /* Products */,
			);
			sourceTree = "<group>";
		};
		2A8FD0AA24B3937A006903B1 /* Products */ = {
			isa = PBXGroup;
			children = (
				2A8FD0A924B3937A006903B1 /* ParkPlay.app */,
				2A8FD0BF24B3937C006903B1 /* ParkPlayTests.xctest */,
				2A8FD0CA24B3937C006903B1 /* ParkPlayUITests.xctest */,
			);
			name = Products;
			sourceTree = "<group>";
		};
		2A8FD0AB24B3937A006903B1 /* ParkPlay */ = {
			isa = PBXGroup;
			children = (
				2A8FD0AC24B3937A006903B1 /* AppDelegate.swift */,
				2A8FD0AE24B3937A006903B1 /* SceneDelegate.swift */,
				2A8FD0B024B3937A006903B1 /* ViewController.swift */,
				2A8FD0B224B3937A006903B1 /* Main.storyboard */,
				2A8FD0B524B3937C006903B1 /* Assets.xcassets */,
				2A8FD0B724B3937C006903B1 /* LaunchScreen.storyboard */,
				2A8FD0BA24B3937C006903B1 /* Info.plist */,
			);
			path = ParkPlay;
			sourceTree = "<group>";
		};
		2A8FD0C224B3937C006903B1 /* ParkPlayTests */ = {
			isa = PBXGroup;
			children = (
				2A8FD0C324B3937C006903B1 /* ParkPlayTests.swift */,
				2A8FD0C524B3937C006903B1 /* Info.plist */,
			);
			path = ParkPlayTests;
			sourceTree = "<group>";
		};
		2A8FD0CD24B3937C006903B1 /* ParkPlayUITests */ = {
			isa = PBXGroup;
			children = (
				2A8FD0CE24B3937C006903B1 /* ParkPlayUITests.swift */,
				2A8FD0D024B3937C006903B1 /* Info.plist */,
			);
			path = ParkPlayUITests;
			sourceTree = "<group>";
		};
/* End PBXGroup section */

/* Begin PBXNativeTarget section */
		2A8FD0A824B3937A006903B1 /* ParkPlay */ = {
			isa = PBXNativeTarget;
			buildConfigurationList = 2A8FD0D324B3937C006903B1 /* Build configuration list for PBXNativeTarget "ParkPlay" */;
			buildPhases = (
				2A8FD0A524B3937A006903B1 /* Sources */,
				2A8FD0A624B3937A006903B1 /* Frameworks */,
				2A8FD0A724B3937A006903B1 /* Resources */,
			);
			buildRules = (
			);
			dependencies = (
			);
			name = ParkPlay;
			productName = ParkPlay;
			productReference = 2A8FD0A924B3937A006903B1 /* ParkPlay.app */;
			productType = "com.apple.product-type.application";
		};
		2A8FD0BE24B3937C006903B1 /* ParkPlayTests */ = {
			isa = PBXNativeTarget;
			buildConfigurationList = 2A8FD0D624B3937C006903B1 /* Build configuration list for PBXNativeTarget "ParkPlayTests" */;
			buildPhases = (
				2A8FD0BB24B3937C006903B1 /* Sources */,
				2A8FD0BC24B3937C006903B1 /* Frameworks */,
				2A8FD0BD24B3937C006903B1 /* Resources */,
			);
			buildRules = (
			);
			dependencies = (
				2A8FD0C124B3937C006903B1 /* PBXTargetDependency */,
			);
			name = ParkPlayTests;
			productName = ParkPlayTests;
			productReference = 2A8FD0BF24B3937C006903B1 /* ParkPlayTests.xctest */;
			productType = "com.apple.product-type.bundle.unit-test";
		};
		2A8FD0C924B3937C006903B1 /* ParkPlayUITests */ = {
			isa = PBXNativeTarget;
			buildConfigurationList = 2A8FD0D924B3937C006903B1 /* Build configuration list for PBXNativeTarget "ParkPlayUITests" */;
			buildPhases = (
				2A8FD0C624B3937C006903B1 /* Sources */,
				2A8FD0C724B3937C006903B1 /* Frameworks */,
				2A8FD0C824B3937C006903B1 /* Resources */,
			);
			buildRules = (
			);
			dependencies = (
				2A8FD0CC24B3937C006903B1 /* PBXTargetDependency */,
			);
			name = ParkPlayUITests;
			productName = ParkPlayUITests;
			productReference = 2A8FD0CA24B3937C006903B1 /* ParkPlayUITests.xctest */;
			productType = "com.apple.product-type.bundle.ui-testing";
		};
/* End PBXNativeTarget section */

/* Begin PBXProject section */
		2A8FD0A124B3937A006903B1 /* Project object */ = {
			isa = PBXProject;
			attributes = {
				LastSwiftUpdateCheck = 1200;
				LastUpgradeCheck = 1200;
				TargetAttributes = {
					2A8FD0A824B3937A006903B1 = {
						CreatedOnToolsVersion = 12.0;
					};
					2A8FD0BE24B3937C006903B1 = {
						CreatedOnToolsVersion = 12.0;
						TestTargetID = 2A8FD0A824B3937A006903B1;
					};
					2A8FD0C924B3937C006903B1 = {
						CreatedOnToolsVersion = 12.0;
						TestTargetID = 2A8FD0A824B3937A006903B1;
					};
				};
			};
			buildConfigurationList = 2A8FD0A424B3937A006903B1 /* Build configuration list for PBXProject "ParkPlay" */;
			compatibilityVersion = "Xcode 9.3";
			developmentRegion = en;
			hasScannedForEncodings = 0;
			knownRegions = (
				en,
				Base,
			);
			mainGroup = 2A8FD0A024B3937A006903B1;
			productRefGroup = 2A8FD0AA24B3937A006903B1 /* Products */;
			projectDirPath = "";
			projectRoot = "";
			targets = (
				2A8FD0A824B3937A006903B1 /* ParkPlay */,
				2A8FD0BE24B3937C006903B1 /* ParkPlayTests */,
				2A8FD0C924B3937C006903B1 /* ParkPlayUITests */,
			);
		};
/* End PBXProject section */

/* Begin PBXResourcesBuildPhase section */
		2A8FD0A724B3937A006903B1 /* Resources */ = {
			isa = PBXResourcesBuildPhase;
			buildActionMask = 2147483647;
			files = (
				2A8FD0B924B3937C006903B1 /* LaunchScreen.storyboard in Resources */,
				2A8FD0B624B3937C006903B1 /* Assets.xcassets in Resources */,
				2A8FD0B424B3937A006903B1 /* Main.storyboard in Resources */,
			);
			runOnlyForDeploymentPostprocessing = 0;
		};
		2A8FD0BD24B3937C006903B1 /* Resources */ = {
			isa = PBXResourcesBuildPhase;
			buildActionMask = 2147483647;
			files = (
			);
			runOnlyForDeploymentPostprocessing = 0;
		};
		2A8FD0C824B3937C006903B1 /* Resources */ = {
			isa = PBXResourcesBuildPhase;
			buildActionMask = 2147483647;
			files = (
			);
			runOnlyForDeploymentPostprocessing = 0;
		};
/* End PBXResourcesBuildPhase section */

/* Begin PBXSourcesBuildPhase section */
		2A8FD0A524B3937A006903B1 /* Sources */ = {
			isa = PBXSourcesBuildPhase;
			buildActionMask = 2147483647;
			files = (
				2A8FD0B124B3937A006903B1 /* ViewController.swift in Sources */,
				2A8FD0AD24B3937A006903B1 /* AppDelegate.swift in Sources */,
				2A8FD0AF24B3937A006903B1 /* SceneDelegate.swift in Sources */,
			);
			runOnlyForDeploymentPostprocessing = 0;
		};
		2A8FD0BB24B3937C006903B1 /* Sources */ = {
			isa = PBXSourcesBuildPhase;
			buildActionMask = 2147483647;
			files = (
				2A8FD0C424B3937C006903B1 /* ParkPlayTests.swift in Sources */,
			);
			runOnlyForDeploymentPostprocessing = 0;
		};
		2A8FD0C624B3937C006903B1 /* Sources */ = {
			isa = PBXSourcesBuildPhase;
			buildActionMask = 2147483647;
			files = (
				2A8FD0CF24B3937C006903B1 /* ParkPlayUITests.swift in Sources */,
			);
			runOnlyForDeploymentPostprocessing = 0;
		};
/* End PBXSourcesBuildPhase section */

/* Begin PBXTargetDependency section */
		2A8FD0C124B3937C006903B1 /* PBXTargetDependency */ = {
			isa = PBXTargetDependency;
			target = 2A8FD0A824B3937A006903B1 /* ParkPlay */;
			targetProxy = 2A8FD0C024B3937C006903B1 /* PBXContainerItemProxy */;
		};
		2A8FD0CC24B3937C006903B1 /* PBXTargetDependency */ = {
			isa = PBXTargetDependency;
			target = 2A8FD0A824B3937A006903B1 /* ParkPlay */;
			targetProxy = 2A8FD0CB24B3937C006903B1 /* PBXContainerItemProxy */;
		};
/* End PBXTargetDependency section */

/* Begin PBXVariantGroup section */
		2A8FD0B224B3937A006903B1 /* Main.storyboard */ = {
			isa = PBXVariantGroup;
			children = (
				2A8FD0B324B3937A006903B1 /* Base */,
			);
			name = Main.storyboard;
			sourceTree = "<group>";
		};
		2A8FD0B724B3937C006903B1 /* LaunchScreen.storyboard */ = {
			isa = PBXVariantGroup;
			children = (
				2A8FD0B824B3937C006903B1 /* Base */,
			);
			name = LaunchScreen.storyboard;
			sourceTree = "<group>";
		};
/* End PBXVariantGroup section */

/* Begin XCBuildConfiguration section */
		2A8FD0D124B3937C006903B1 /* Debug */ = {
			isa = XCBuildConfiguration;
			buildSettings = {
				ALWAYS_SEARCH_USER_PATHS = NO;
				CLANG_ANALYZER_NONNULL = YES;
				CLANG_ANALYZER_NUMBER_OBJECT_CONVERSION = YES_AGGRESSIVE;
				CLANG_CXX_LANGUAGE_STANDARD = "gnu++14";
				CLANG_CXX_LIBRARY = "libc++";
				CLANG_ENABLE_MODULES = YES;
				CLANG_ENABLE_OBJC_ARC = YES;
				CLANG_ENABLE_OBJC_WEAK = YES;
				CLANG_WARN_BLOCK_CAPTURE_AUTORELEASING = YES;
				CLANG_WARN_BOOL_CONVERSION = YES;
				CLANG_WARN_COMMA = YES;
				CLANG_WARN_CONSTANT_CONVERSION = YES;
				CLANG_WARN_DEPRECATED_OBJC_IMPLEMENTATIONS = YES;
				CLANG_WARN_DIRECT_OBJC_ISA_USAGE = YES_ERROR;
				CLANG_WARN_DOCUMENTATION_COMMENTS = YES;
				CLANG_WARN_EMPTY_BODY = YES;
				CLANG_WARN_ENUM_CONVERSION = YES;
				CLANG_WARN_INFINITE_RECURSION = YES;
				CLANG_WARN_INT_CONVERSION = YES;
				CLANG_WARN_NON_LITERAL_NULL_CONVERSION = YES;
				CLANG_WARN_OBJC_IMPLICIT_RETAIN_SELF = YES;
				CLANG_WARN_OBJC_LITERAL_CONVERSION = YES;
				CLANG_WARN_OBJC_ROOT_CLASS = YES_ERROR;
				CLANG_WARN_QUOTED_INCLUDE_IN_FRAMEWORK_HEADER = YES;
				CLANG_WARN_RANGE_LOOP_ANALYSIS = YES;
				CLANG_WARN_STRICT_PROTOTYPES = YES;
				CLANG_WARN_SUSPICIOUS_MOVE = YES;
				CLANG_WARN_UNGUARDED_AVAILABILITY = YES_AGGRESSIVE;
				CLANG_WARN_UNREACHABLE_CODE = YES;
				CLANG_WARN__DUPLICATE_METHOD_MATCH = YES;
				COPY_PHASE_STRIP = NO;
				DEBUG_INFORMATION_FORMAT = dwarf;
				ENABLE_STRICT_OBJC_MSGSEND = YES;
				ENABLE_TESTABILITY = YES;
				GCC_C_LANGUAGE_STANDARD = gnu11;
				GCC_DYNAMIC_NO_PIC = NO;
				GCC_NO_COMMON_BLOCKS = YES;
				GCC_OPTIMIZATION_LEVEL = 0;
				GCC_PREPROCESSOR_DEFINITIONS = (
					"DEBUG=1",
					"$(inherited)",
				);
				GCC_WARN_64_TO_32_BIT_CONVERSION = YES;
				GCC_WARN_ABOUT_RETURN_TYPE = YES_ERROR;
				GCC_WARN_UNDECLARED_SELECTOR = YES;
				GCC_WARN_UNINITIALIZED_AUTOS = YES_AGGRESSIVE;
				GCC_WARN_UNUSED_FUNCTION = YES;
				GCC_WARN_UNUSED_VARIABLE = YES;
				IPHONEOS_DEPLOYMENT_TARGET = 14.0;
				MTL_ENABLE_DEBUG_INFO = INCLUDE_SOURCE;
				MTL_FAST_MATH = YES;
				ONLY_ACTIVE_ARCH = YES;
				SDKROOT = iphoneos;
				SWIFT_ACTIVE_COMPILATION_CONDITIONS = DEBUG;
				SWIFT_OPTIMIZATION_LEVEL = "-Onone";
			};
			name = Debug;
		};
		2A8FD0D224B3937C006903B1 /* Release */ = {
			isa = XCBuildConfiguration;
			buildSettings = {
				ALWAYS_SEARCH_USER_PATHS = NO;
				CLANG_ANALYZER_NONNULL = YES;
				CLANG_ANALYZER_NUMBER_OBJECT_CONVERSION = YES_AGGRESSIVE;
				CLANG_CXX_LANGUAGE_STANDARD = "gnu++14";
				CLANG_CXX_LIBRARY = "libc++";
				CLANG_ENABLE_MODULES = YES;
				CLANG_ENABLE_OBJC_ARC = YES;
				CLANG_ENABLE_OBJC_WEAK = YES;
				CLANG_WARN_BLOCK_CAPTURE_AUTORELEASING = YES;
				CLANG_WARN_BOOL_CONVERSION = YES;
				CLANG_WARN_COMMA = YES;
				CLANG_WARN_CONSTANT_CONVERSION = YES;
				CLANG_WARN_DEPRECATED_OBJC_IMPLEMENTATIONS = YES;
				CLANG_WARN_DIRECT_OBJC_ISA_USAGE = YES_ERROR;
				CLANG_WARN_DOCUMENTATION_COMMENTS = YES;
				CLANG_WARN_EMPTY_BODY = YES;
				CLANG_WARN_ENUM_CONVERSION = YES;
				CLANG_WARN_INFINITE_RECURSION = YES;
				CLANG_WARN_INT_CONVERSION = YES;
				CLANG_WARN_NON_LITERAL_NULL_CONVERSION = YES;
				CLANG_WARN_OBJC_IMPLICIT_RETAIN_SELF = YES;
				CLANG_WARN_OBJC_LITERAL_CONVERSION = YES;
				CLANG_WARN_OBJC_ROOT_CLASS = YES_ERROR;
				CLANG_WARN_QUOTED_INCLUDE_IN_FRAMEWORK_HEADER = YES;
				CLANG_WARN_RANGE_LOOP_ANALYSIS = YES;
				CLANG_WARN_STRICT_PROTOTYPES = YES;
				CLANG_WARN_SUSPICIOUS_MOVE = YES;
				CLANG_WARN_UNGUARDED_AVAILABILITY = YES_AGGRESSIVE;
				CLANG_WARN_UNREACHABLE_CODE = YES;
				CLANG_WARN__DUPLICATE_METHOD_MATCH = YES;
				COPY_PHASE_STRIP = NO;
				DEBUG_INFORMATION_FORMAT = "dwarf-with-dsym";
				ENABLE_NS_ASSERTIONS = NO;
				ENABLE_STRICT_OBJC_MSGSEND = YES;
				GCC_C_LANGUAGE_STANDARD = gnu11;
				GCC_NO_COMMON_BLOCKS = YES;
				GCC_WARN_64_TO_32_BIT_CONVERSION = YES;
				GCC_WARN_ABOUT_RETURN_TYPE = YES_ERROR;
				GCC_WARN_UNDECLARED_SELECTOR = YES;
				GCC_WARN_UNINITIALIZED_AUTOS = YES_AGGRESSIVE;
				GCC_WARN_UNUSED_FUNCTION = YES;
				GCC_WARN_UNUSED_VARIABLE = YES;
				IPHONEOS_DEPLOYMENT_TARGET = 14.0;
				MTL_ENABLE_DEBUG_INFO = NO;
				MTL_FAST_MATH = YES;
				SDKROOT = iphoneos;
				SWIFT_COMPILATION_MODE = wholemodule;
				SWIFT_OPTIMIZATION_LEVEL = "-O";
				VALIDATE_PRODUCT = YES;
			};
			name = Release;
		};
		2A8FD0D424B3937C006903B1 /* Debug */ = {
			isa = XCBuildConfiguration;
			buildSettings = {
				ASSETCATALOG_COMPILER_APPICON_NAME = AppIcon;
				ASSETCATALOG_COMPILER_GLOBAL_ACCENT_COLOR_NAME = AccentColor;
				CODE_SIGN_STYLE = Automatic;
				DEVELOPMENT_TEAM = 6B3SHVL3L5;
				INFOPLIST_FILE = ParkPlay/Info.plist;
				LD_RUNPATH_SEARCH_PATHS = (
					"$(inherited)",
					"@executable_path/Frameworks",
				);
				PRODUCT_BUNDLE_IDENTIFIER = se.apptrix.ParkPlay;
				PRODUCT_NAME = "$(TARGET_NAME)";
				SWIFT_VERSION = 5.0;
				TARGETED_DEVICE_FAMILY = "1,2";
			};
			name = Debug;
		};
		2A8FD0D524B3937C006903B1 /* Release */ = {
			isa = XCBuildConfiguration;
			buildSettings = {
				ASSETCATALOG_COMPILER_APPICON_NAME = AppIcon;
				ASSETCATALOG_COMPILER_GLOBAL_ACCENT_COLOR_NAME = AccentColor;
				CODE_SIGN_STYLE = Automatic;
				DEVELOPMENT_TEAM = 6B3SHVL3L5;
				INFOPLIST_FILE = ParkPlay/Info.plist;
				LD_RUNPATH_SEARCH_PATHS = (
					"$(inherited)",
					"@executable_path/Frameworks",
				);
				PRODUCT_BUNDLE_IDENTIFIER = se.apptrix.ParkPlay;
				PRODUCT_NAME = "$(TARGET_NAME)";
				SWIFT_VERSION = 5.0;
				TARGETED_DEVICE_FAMILY = "1,2";
			};
			name = Release;
		};
		2A8FD0D724B3937C006903B1 /* Debug */ = {
			isa = XCBuildConfiguration;
			buildSettings = {
				ALWAYS_EMBED_SWIFT_STANDARD_LIBRARIES = YES;
				BUNDLE_LOADER = "$(TEST_HOST)";
				CODE_SIGN_STYLE = Automatic;
				DEVELOPMENT_TEAM = 6B3SHVL3L5;
				INFOPLIST_FILE = ParkPlayTests/Info.plist;
				IPHONEOS_DEPLOYMENT_TARGET = 14.0;
				LD_RUNPATH_SEARCH_PATHS = (
					"$(inherited)",
					"@executable_path/Frameworks",
					"@loader_path/Frameworks",
				);
				PRODUCT_BUNDLE_IDENTIFIER = se.apptrix.ParkPlayTests;
				PRODUCT_NAME = "$(TARGET_NAME)";
				SWIFT_VERSION = 5.0;
				TARGETED_DEVICE_FAMILY = "1,2";
				TEST_HOST = "$(BUILT_PRODUCTS_DIR)/ParkPlay.app/ParkPlay";
			};
			name = Debug;
		};
		2A8FD0D824B3937C006903B1 /* Release */ = {
			isa = XCBuildConfiguration;
			buildSettings = {
				ALWAYS_EMBED_SWIFT_STANDARD_LIBRARIES = YES;
				BUNDLE_LOADER = "$(TEST_HOST)";
				CODE_SIGN_STYLE = Automatic;
				DEVELOPMENT_TEAM = 6B3SHVL3L5;
				INFOPLIST_FILE = ParkPlayTests/Info.plist;
				IPHONEOS_DEPLOYMENT_TARGET = 14.0;
				LD_RUNPATH_SEARCH_PATHS = (
					"$(inherited)",
					"@executable_path/Frameworks",
					"@loader_path/Frameworks",
				);
				PRODUCT_BUNDLE_IDENTIFIER = se.apptrix.ParkPlayTests;
				PRODUCT_NAME = "$(TARGET_NAME)";
				SWIFT_VERSION = 5.0;
				TARGETED_DEVICE_FAMILY = "1,2";
				TEST_HOST = "$(BUILT_PRODUCTS_DIR)/ParkPlay.app/ParkPlay";
			};
			name = Release;
		};
		2A8FD0DA24B3937C006903B1 /* Debug */ = {
			isa = XCBuildConfiguration;
			buildSettings = {
				ALWAYS_EMBED_SWIFT_STANDARD_LIBRARIES = YES;
				CODE_SIGN_STYLE = Automatic;
				DEVELOPMENT_TEAM = 6B3SHVL3L5;
				INFOPLIST_FILE = ParkPlayUITests/Info.plist;
				LD_RUNPATH_SEARCH_PATHS = (
					"$(inherited)",
					"@executable_path/Frameworks",
					"@loader_path/Frameworks",
				);
				PRODUCT_BUNDLE_IDENTIFIER = se.apptrix.ParkPlayUITests;
				PRODUCT_NAME = "$(TARGET_NAME)";
				SWIFT_VERSION = 5.0;
				TARGETED_DEVICE_FAMILY = "1,2";
				TEST_TARGET_NAME = ParkPlay;
			};
			name = Debug;
		};
		2A8FD0DB24B3937C006903B1 /* Release */ = {
			isa = XCBuildConfiguration;
			buildSettings = {
				ALWAYS_EMBED_SWIFT_STANDARD_LIBRARIES = YES;
				CODE_SIGN_STYLE = Automatic;
				DEVELOPMENT_TEAM = 6B3SHVL3L5;
				INFOPLIST_FILE = ParkPlayUITests/Info.plist;
				LD_RUNPATH_SEARCH_PATHS = (
					"$(inherited)",
					"@executable_path/Frameworks",
					"@loader_path/Frameworks",
				);
				PRODUCT_BUNDLE_IDENTIFIER = se.apptrix.ParkPlayUITests;
				PRODUCT_NAME = "$(TARGET_NAME)";
				SWIFT_VERSION = 5.0;
				TARGETED_DEVICE_FAMILY = "1,2";
				TEST_TARGET_NAME = ParkPlay;
			};
			name = Release;
		};
/* End XCBuildConfiguration section */

/* Begin XCConfigurationList section */
		2A8FD0A424B3937A006903B1 /* Build configuration list for PBXProject "ParkPlay" */ = {
			isa = XCConfigurationList;
			buildConfigurations = (
				2A8FD0D124B3937C006903B1 /* Debug */,
				2A8FD0D224B3937C006903B1 /* Release */,
			);
			defaultConfigurationIsVisible = 0;
			defaultConfigurationName = Release;
		};
		2A8FD0D324B3937C006903B1 /* Build configuration list for PBXNativeTarget "ParkPlay" */ = {
			isa = XCConfigurationList;
			buildConfigurations = (
				2A8FD0D424B3937C006903B1 /* Debug */,
				2A8FD0D524B3937C006903B1 /* Release */,
			);
			defaultConfigurationIsVisible = 0;
			defaultConfigurationName = Release;
		};
		2A8FD0D624B3937C006903B1 /* Build configuration list for PBXNativeTarget "ParkPlayTests" */ = {
			isa = XCConfigurationList;
			buildConfigurations = (
				2A8FD0D724B3937C006903B1 /* Debug */,
				2A8FD0D824B3937C006903B1 /* Release */,
			);
			defaultConfigurationIsVisible = 0;
			defaultConfigurationName = Release;
		};
		2A8FD0D924B3937C006903B1 /* Build configuration list for PBXNativeTarget "ParkPlayUITests" */ = {
			isa = XCConfigurationList;
			buildConfigurations = (
				2A8FD0DA24B3937C006903B1 /* Debug */,
				2A8FD0DB24B3937C006903B1 /* Release */,
			);
			defaultConfigurationIsVisible = 0;
			defaultConfigurationName = Release;
		};
/* End XCConfigurationList section */
	};
	rootObject = 2A8FD0A124B3937A006903B1 /* Project object */;
}
